
Microsoft Visual Studio Solution File, Format Version 12.00
# Visual Studio 14
VisualStudioVersion = 14.0.25420.1
MinimumVisualStudioVersion = 10.0.40219.1
Project("{FAE04EC0-301F-11D3-BF4B-00C04F79EFBC}") = "XFAForms.Web", "XFAForms.Web\XFAForms.Web.csproj", "{D42C9951-18B9-4E5B-AA4B-3D3BF941E730}"
EndProject
Project("{FAE04EC0-301F-11D3-BF4B-00C04F79EFBC}") = "XFAForms.Tests", "XFAForms.Tests\XFAForms.Tests.csproj", "{9BAEA33C-D662-4232-963B-C3EF2870764E}"
EndProject
Project("{2150E333-8FDC-42A3-9474-1A3956D46DE8}") = "DOMs", "DOMs", "{549DA4AA-A236-44BC-A892-8420E1B82638}"
EndProject
Project("{FAE04EC0-301F-11D3-BF4B-00C04F79EFBC}") = "XFAForms.XMLDataDOM", "XFAForms.XMLDataDom\XFAForms.XMLDataDOM.csproj", "{6256BBCE-F8B9-4B79-B22E-B8FA4C1D9D7D}"
EndProject
Project("{FAE04EC0-301F-11D3-BF4B-00C04F79EFBC}") = "XFAForms.XMLDataDOM.Interfaces", "XFAForms.XMLDataDom.Interfaces\XFAForms.XMLDataDOM.Interfaces.csproj", "{1C751771-15C6-4EB7-8626-DBD3E48908FA}"
EndProject
Project("{2150E333-8FDC-42A3-9474-1A3956D46DE8}") = "XMLDataDOM", "XMLDataDOM", "{EF397EB0-65BF-44F8-9B8E-72939E94F601}"
EndProject
Project("{2150E333-8FDC-42A3-9474-1A3956D46DE8}") = "ConfigurationDOM", "ConfigurationDOM", "{960E6B5E-CEF2-463C-B2C7-B8CDCD54A729}"
EndProject
Project("{2150E333-8FDC-42A3-9474-1A3956D46DE8}") = "XFADataDOM", "XFADataDOM", "{7B78C3A3-21D4-424A-B003-7B0F147751B4}"
EndProject
Project("{2150E333-8FDC-42A3-9474-1A3956D46DE8}") = "TemplateDOM", "TemplateDOM", "{44A665EF-5FA5-4005-BBBF-5560C664EE07}"
EndProject
Project("{2150E333-8FDC-42A3-9474-1A3956D46DE8}") = "FormDOM", "FormDOM", "{870F9BBE-CDE2-407B-8F1A-05E11B4687B1}"
EndProject
Project("{2150E333-8FDC-42A3-9474-1A3956D46DE8}") = "ConnectionSetDOM", "ConnectionSetDOM", "{05800C91-4A29-4D22-8990-BC2BD2A760E7}"
EndProject
Project("{2150E333-8FDC-42A3-9474-1A3956D46DE8}") = "LayoutDOM", "LayoutDOM", "{E72ACFB7-0541-4E81-8B0F-687746493F59}"
EndProject
Project("{2150E333-8FDC-42A3-9474-1A3956D46DE8}") = "ConnectionSetDataDOM", "ConnectionSetDataDOM", "{AA262433-A0B8-406E-8D14-7ED3CF3AAFC4}"
EndProject
Project("{2150E333-8FDC-42A3-9474-1A3956D46DE8}") = "DataDescriptionDOM", "DataDescriptionDOM", "{1A63CEEA-E7F9-44E3-9254-D02B1932F051}"
EndProject
Project("{2150E333-8FDC-42A3-9474-1A3956D46DE8}") = "Implementations", "Implementations", "{2C8271BA-A7AD-4C56-AC61-0825ED4228B2}"
EndProject
Project("{2150E333-8FDC-42A3-9474-1A3956D46DE8}") = "Implementations", "Implementations", "{0C8E9E70-4660-4096-BCE1-02914CADBFF3}"
EndProject
Project("{FAE04EC0-301F-11D3-BF4B-00C04F79EFBC}") = "XFAForms.ConfigurationDOM.Interfaces", "XFAForms.ConfigDOM.Interfaces\XFAForms.ConfigurationDOM.Interfaces.csproj", "{07A4C9AE-107B-47A2-AA8A-BA6E4B4B1430}"
EndProject
Project("{FAE04EC0-301F-11D3-BF4B-00C04F79EFBC}") = "XFAForms.ConfigurationDOM", "XFAForms.ConfigDOM\XFAForms.ConfigurationDOM.csproj", "{23A75061-B30C-45AA-8692-A26143C66B6A}"
	ProjectSection(ProjectDependencies) = postProject
		{7E755F71-2BDE-49D3-9743-4FD87BDF8BC1} = {7E755F71-2BDE-49D3-9743-4FD87BDF8BC1}
	EndProjectSection
EndProject
Project("{2150E333-8FDC-42A3-9474-1A3956D46DE8}") = "Implementations", "Implementations", "{4E5E115B-EF55-48BD-B53A-36DFF2D9497F}"
EndProject
Project("{2150E333-8FDC-42A3-9474-1A3956D46DE8}") = "Implementations", "Implementations", "{E9D21F37-B2D3-48FF-A20D-48BD24568A1E}"
EndProject
Project("{2150E333-8FDC-42A3-9474-1A3956D46DE8}") = "Implementations", "Implementations", "{28136882-2AEA-4533-A53A-1B4803D43813}"
EndProject
Project("{2150E333-8FDC-42A3-9474-1A3956D46DE8}") = "Implementations", "Implementations", "{5F076024-7F0E-4DF2-B42F-E56412B81EC2}"
EndProject
Project("{2150E333-8FDC-42A3-9474-1A3956D46DE8}") = "Implementations", "Implementations", "{65A6F840-6EF0-4FDC-BA07-FE8D74FD8E71}"
EndProject
Project("{2150E333-8FDC-42A3-9474-1A3956D46DE8}") = "Implementations", "Implementations", "{55BD11D8-7AE2-41EE-8A3B-B7D481093BFA}"
EndProject
Project("{2150E333-8FDC-42A3-9474-1A3956D46DE8}") = "Implementations", "Implementations", "{440F02F3-F830-48C1-9B8C-C2B0725660B4}"
EndProject
Project("{FAE04EC0-301F-11D3-BF4B-00C04F79EFBC}") = "XFAForms.ConnectionSetDataDOM.Interfaces", "XFAForms.ConnectionDataDOM.Interfaces\XFAForms.ConnectionSetDataDOM.Interfaces.csproj", "{CB686478-1DF2-4BAF-AE91-48F2D6937D18}"
EndProject
Project("{FAE04EC0-301F-11D3-BF4B-00C04F79EFBC}") = "XFAForms.ConnectionSetDataDOM", "XFAForms.ConnectionDataDOM\XFAForms.ConnectionSetDataDOM.csproj", "{65329D96-A495-4AAE-9614-C425B018CC18}"
EndProject
Project("{FAE04EC0-301F-11D3-BF4B-00C04F79EFBC}") = "XFAForms.ConnectionSetDOM.Interfaces", "XFAForms.ConnectionSetDOM.Interfaces\XFAForms.ConnectionSetDOM.Interfaces.csproj", "{45A9E5DC-EA36-4B40-B21F-4CC5E02779FA}"
EndProject
Project("{FAE04EC0-301F-11D3-BF4B-00C04F79EFBC}") = "XFAForms.ConnectionSetDOM", "XFAForms.ConnectionSetDOM\XFAForms.ConnectionSetDOM.csproj", "{34B82BF0-CA25-4670-A742-C3D4B1A23D7D}"
EndProject
Project("{FAE04EC0-301F-11D3-BF4B-00C04F79EFBC}") = "XFAForms.DataDescriptionDOM.Interfaces", "XFAForms.DataDescriptionDOM.Interfaces\XFAForms.DataDescriptionDOM.Interfaces.csproj", "{104BB466-8420-4599-8B97-F791EFC82163}"
EndProject
Project("{FAE04EC0-301F-11D3-BF4B-00C04F79EFBC}") = "XFAForms.DataDescriptionDOM", "XFAForms.DataDescriptionDOM\XFAForms.DataDescriptionDOM.csproj", "{07F7B26B-C48D-4893-AB9D-5B2877BDD747}"
EndProject
Project("{FAE04EC0-301F-11D3-BF4B-00C04F79EFBC}") = "XFAForms.FormDOM.Interfaces", "XFAForms.FormDOM.Interfaces\XFAForms.FormDOM.Interfaces.csproj", "{4A4EE402-00BA-4FC5-B7E1-3ED7A87D45CF}"
EndProject
Project("{FAE04EC0-301F-11D3-BF4B-00C04F79EFBC}") = "XFAForms.FormDOM", "XFAForms.FormDOM\XFAForms.FormDOM.csproj", "{B49C59C8-DDB0-4D09-ADD6-A2B3CDED2F16}"
EndProject
Project("{FAE04EC0-301F-11D3-BF4B-00C04F79EFBC}") = "XFAForms.LayoutDOM.Interfaces", "XFALayoutDOM.Interfaces\XFAForms.LayoutDOM.Interfaces.csproj", "{D7960677-CC60-4A03-AE00-10550178A6C4}"
EndProject
Project("{FAE04EC0-301F-11D3-BF4B-00C04F79EFBC}") = "XFAForms.LayoutDOM", "XFALayoutDOM\XFAForms.LayoutDOM.csproj", "{03E69DAA-553F-4364-AAC4-B3242979ADC4}"
EndProject
Project("{FAE04EC0-301F-11D3-BF4B-00C04F79EFBC}") = "XFAForms.TemplateDOM.Interfaces", "XFAForms.TemplateDOM.Interfaces\XFAForms.TemplateDOM.Interfaces.csproj", "{26CDE3BC-67D7-4A41-BD18-D32635A18B82}"
EndProject
Project("{FAE04EC0-301F-11D3-BF4B-00C04F79EFBC}") = "XFAForms.TemplateDOM", "XFAForms.TemplateDOM\XFAForms.TemplateDOM.csproj", "{69EC4D4F-35BD-466F-AD4F-E288515329FE}"
EndProject
Project("{FAE04EC0-301F-11D3-BF4B-00C04F79EFBC}") = "XFAForms.XFADataDOM.Interfaces", "XFAForms.DataDOM.Interfaces\XFAForms.XFADataDOM.Interfaces.csproj", "{EEF71C0C-3626-443B-B35D-73C060ECD72A}"
EndProject
Project("{FAE04EC0-301F-11D3-BF4B-00C04F79EFBC}") = "XFAForms.XFADataDOM", "XFAForms.DataDOM\XFAForms.XFADataDOM.csproj", "{9552E780-F765-4C77-ACCA-7674F10E637D}"
EndProject
Project("{2150E333-8FDC-42A3-9474-1A3956D46DE8}") = "BaseDOM", "BaseDOM", "{5670A0AB-701B-493A-92BD-C3444C7F77A6}"
EndProject
Project("{FAE04EC0-301F-11D3-BF4B-00C04F79EFBC}") = "XFAForms.BaseDOM", "XFAForms.BaseDOM\XFAForms.BaseDOM.csproj", "{7E755F71-2BDE-49D3-9743-4FD87BDF8BC1}"
EndProject
Project("{2150E333-8FDC-42A3-9474-1A3956D46DE8}") = "Implementations", "Implementations", "{13B96D12-9BE4-44D6-BCD4-3BD570CF4EAD}"
EndProject
Project("{FAE04EC0-301F-11D3-BF4B-00C04F79EFBC}") = "XFAForms.BaseDOM.Interfaces", "XFAForms.BaseDOM.Interfaces\XFAForms.BaseDOM.Interfaces.csproj", "{61F02DD6-FB1C-43C2-A5D8-210215F185BD}"
EndProject
Project("{FAE04EC0-301F-11D3-BF4B-00C04F79EFBC}") = "XFAForms.FormEngine", "XFAForms.FormEngine\XFAForms.FormEngine.csproj", "{923FEA4A-15AD-44EA-B549-4D80D7C8CF34}"
EndProject
Project("{FAE04EC0-301F-11D3-BF4B-00C04F79EFBC}") = "XFAForms.FormProcessor", "XFAForms.FormProcessor\XFAForms.FormProcessor.csproj", "{AB9B52EB-9701-4CBB-A08C-3D72B9DE5D32}"
EndProject
Project("{FAE04EC0-301F-11D3-BF4B-00C04F79EFBC}") = "XFAForms.FormProcessor.Interfaces", "XFAForms.FormProcessor.Interfaces\XFAForms.FormProcessor.Interfaces.csproj", "{2D79ADC0-FF2F-47CE-B151-A364D96AB07C}"
EndProject
Project("{2150E333-8FDC-42A3-9474-1A3956D46DE8}") = "FormProcessor", "FormProcessor", "{F1C0F2CD-8B76-49E0-8DC2-7C66EA401B03}"
EndProject
Project("{2150E333-8FDC-42A3-9474-1A3956D46DE8}") = "Implementations", "Implementations", "{29B81581-B10F-4D60-9D71-AB83FDF1C0ED}"
EndProject
Project("{2150E333-8FDC-42A3-9474-1A3956D46DE8}") = "FormEngine", "FormEngine", "{9F96A8FB-08EA-4B29-A879-DD063E789A0E}"
EndProject
Project("{FAE04EC0-301F-11D3-BF4B-00C04F79EFBC}") = "XFAForms.Common", "XFAForms.Common\XFAForms.Common.csproj", "{5FA1FDE4-5108-46C5-B3F5-B11C56EA5873}"
EndProject
Project("{FAE04EC0-301F-11D3-BF4B-00C04F79EFBC}") = "XFAForms.Console", "XFAForms.Console\XFAForms.Console.csproj", "{32CBEE98-3197-43DC-8155-4E8523A12836}"
EndProject
Project("{2150E333-8FDC-42A3-9474-1A3956D46DE8}") = "XFAObject", "XFAObject", "{62F931AF-DD4D-4CBD-A858-A0ABC32C5347}"
EndProject
Project("{FAE04EC0-301F-11D3-BF4B-00C04F79EFBC}") = "XFAForms.XFAObject.Interfaces", "XFAForms.XFAObject.Interfaces\XFAForms.XFAObject.Interfaces.csproj", "{004B2D94-A375-4D82-90A6-E254A3BD0C98}"
EndProject
Project("{2150E333-8FDC-42A3-9474-1A3956D46DE8}") = "Implementations", "Implementations", "{243B055F-362F-4F4C-8EA2-A38E25ECDD77}"
EndProject
Project("{FAE04EC0-301F-11D3-BF4B-00C04F79EFBC}") = "XFAForms.XFAObject", "XFAForms.XFAObject\XFAForms.XFAObject.csproj", "{220BEF6E-9051-4ECC-8085-5FB9A39977FD}"
EndProject
Project("{FAE04EC0-301F-11D3-BF4B-00C04F79EFBC}") = "XFAForms.RelaxNG", "XFAForms.RelaxNG\XFAForms.RelaxNG.csproj", "{8E8239B8-4EAF-4084-BF88-CD34061604E0}"
EndProject
Project("{2150E333-8FDC-42A3-9474-1A3956D46DE8}") = "LocaleSetDOM", "LocaleSetDOM", "{9FDC15C0-7120-4E61-8272-7FCA8F7B3378}"
EndProject
Project("{2150E333-8FDC-42A3-9474-1A3956D46DE8}") = "Implementations", "Implementations", "{8BF34820-C25D-41A4-9658-3810195482FF}"
EndProject
Project("{FAE04EC0-301F-11D3-BF4B-00C04F79EFBC}") = "XFAForms.LocaleSetDOM.Interfaces", "XFAForms.LocaleSetDOM.Interfaces\XFAForms.LocaleSetDOM.Interfaces\XFAForms.LocaleSetDOM.Interfaces.csproj", "{E35D3677-D303-4A54-AD9A-527F526C3ABC}"
EndProject
Project("{FAE04EC0-301F-11D3-BF4B-00C04F79EFBC}") = "XFAForms.LocaleSetDOM", "XFAForms.LocaleSetDOM\XFAForms.LocaleSetDOM.csproj", "{6E67404A-ACBC-41E1-B9C1-22287C761BA2}"
EndProject
Project("{2150E333-8FDC-42A3-9474-1A3956D46DE8}") = "SourceSetDOM", "SourceSetDOM", "{02A5BFBA-3666-4739-8442-888DE971809F}"
EndProject
Project("{2150E333-8FDC-42A3-9474-1A3956D46DE8}") = "Implementations", "Implementations", "{1E4467F4-440C-4A02-990B-FAFC4B9179C7}"
EndProject
Project("{FAE04EC0-301F-11D3-BF4B-00C04F79EFBC}") = "XFAForms.SourceSetDOM.Interfaces", "XFAForms.SourceSetDOM.Interfaces\XFAForms.SourceSetDOM.Interfaces\XFAForms.SourceSetDOM.Interfaces.csproj", "{3DC053B8-717C-4E04-A39D-ADC87CD5F418}"
EndProject
Project("{FAE04EC0-301F-11D3-BF4B-00C04F79EFBC}") = "XFAForms.SourceSetDOM", "XFAForms.SourceSetDOM\XFAForms.SourceSetDOM\XFAForms.SourceSetDOM.csproj", "{BA4B8269-F8FC-4BAB-92A6-D5DD0EA7066C}"
EndProject
Project("{2150E333-8FDC-42A3-9474-1A3956D46DE8}") = "XFADOM", "XFADOM", "{9B9C6C6E-E65B-4A84-B531-82A251E3FCB9}"
EndProject
Project("{2150E333-8FDC-42A3-9474-1A3956D46DE8}") = "Implementations", "Implementations", "{99C08F3B-AC5B-4D95-AF31-CC1DA61A64E0}"
EndProject
Project("{FAE04EC0-301F-11D3-BF4B-00C04F79EFBC}") = "XFAForms.XFADOM.Interfaces", "XFAForms.XFADOM.Interfaces\XFAForms.XFADOM.Interfaces\XFAForms.XFADOM.Interfaces.csproj", "{B806B592-E80A-4DBC-AAD5-4616CD588A4D}"
EndProject
Project("{FAE04EC0-301F-11D3-BF4B-00C04F79EFBC}") = "XFAForms.XFADOM", "XFAForms.XFADOM\XFAForms.XFADOM\XFAForms.XFADOM.csproj", "{13B1985D-622F-4AAA-94CF-E91FDD386336}"
EndProject
Global
	GlobalSection(SolutionConfigurationPlatforms) = preSolution
		Debug|Any CPU = Debug|Any CPU
		Release|Any CPU = Release|Any CPU
	EndGlobalSection
	GlobalSection(ProjectConfigurationPlatforms) = postSolution
		{D42C9951-18B9-4E5B-AA4B-3D3BF941E730}.Debug|Any CPU.ActiveCfg = Debug|Any CPU
		{D42C9951-18B9-4E5B-AA4B-3D3BF941E730}.Debug|Any CPU.Build.0 = Debug|Any CPU
		{D42C9951-18B9-4E5B-AA4B-3D3BF941E730}.Release|Any CPU.ActiveCfg = Release|Any CPU
		{D42C9951-18B9-4E5B-AA4B-3D3BF941E730}.Release|Any CPU.Build.0 = Release|Any CPU
		{9BAEA33C-D662-4232-963B-C3EF2870764E}.Debug|Any CPU.ActiveCfg = Debug|Any CPU
		{9BAEA33C-D662-4232-963B-C3EF2870764E}.Debug|Any CPU.Build.0 = Debug|Any CPU
		{9BAEA33C-D662-4232-963B-C3EF2870764E}.Release|Any CPU.ActiveCfg = Release|Any CPU
		{9BAEA33C-D662-4232-963B-C3EF2870764E}.Release|Any CPU.Build.0 = Release|Any CPU
		{6256BBCE-F8B9-4B79-B22E-B8FA4C1D9D7D}.Debug|Any CPU.ActiveCfg = Debug|Any CPU
		{6256BBCE-F8B9-4B79-B22E-B8FA4C1D9D7D}.Debug|Any CPU.Build.0 = Debug|Any CPU
		{6256BBCE-F8B9-4B79-B22E-B8FA4C1D9D7D}.Release|Any CPU.ActiveCfg = Release|Any CPU
		{6256BBCE-F8B9-4B79-B22E-B8FA4C1D9D7D}.Release|Any CPU.Build.0 = Release|Any CPU
		{1C751771-15C6-4EB7-8626-DBD3E48908FA}.Debug|Any CPU.ActiveCfg = Debug|Any CPU
		{1C751771-15C6-4EB7-8626-DBD3E48908FA}.Debug|Any CPU.Build.0 = Debug|Any CPU
		{1C751771-15C6-4EB7-8626-DBD3E48908FA}.Release|Any CPU.ActiveCfg = Release|Any CPU
		{1C751771-15C6-4EB7-8626-DBD3E48908FA}.Release|Any CPU.Build.0 = Release|Any CPU
		{07A4C9AE-107B-47A2-AA8A-BA6E4B4B1430}.Debug|Any CPU.ActiveCfg = Debug|Any CPU
		{07A4C9AE-107B-47A2-AA8A-BA6E4B4B1430}.Debug|Any CPU.Build.0 = Debug|Any CPU
		{07A4C9AE-107B-47A2-AA8A-BA6E4B4B1430}.Release|Any CPU.ActiveCfg = Release|Any CPU
		{07A4C9AE-107B-47A2-AA8A-BA6E4B4B1430}.Release|Any CPU.Build.0 = Release|Any CPU
		{23A75061-B30C-45AA-8692-A26143C66B6A}.Debug|Any CPU.ActiveCfg = Debug|Any CPU
		{23A75061-B30C-45AA-8692-A26143C66B6A}.Debug|Any CPU.Build.0 = Debug|Any CPU
		{23A75061-B30C-45AA-8692-A26143C66B6A}.Release|Any CPU.ActiveCfg = Release|Any CPU
		{23A75061-B30C-45AA-8692-A26143C66B6A}.Release|Any CPU.Build.0 = Release|Any CPU
		{CB686478-1DF2-4BAF-AE91-48F2D6937D18}.Debug|Any CPU.ActiveCfg = Debug|Any CPU
		{CB686478-1DF2-4BAF-AE91-48F2D6937D18}.Debug|Any CPU.Build.0 = Debug|Any CPU
		{CB686478-1DF2-4BAF-AE91-48F2D6937D18}.Release|Any CPU.ActiveCfg = Release|Any CPU
		{CB686478-1DF2-4BAF-AE91-48F2D6937D18}.Release|Any CPU.Build.0 = Release|Any CPU
		{65329D96-A495-4AAE-9614-C425B018CC18}.Debug|Any CPU.ActiveCfg = Debug|Any CPU
		{65329D96-A495-4AAE-9614-C425B018CC18}.Debug|Any CPU.Build.0 = Debug|Any CPU
		{65329D96-A495-4AAE-9614-C425B018CC18}.Release|Any CPU.ActiveCfg = Release|Any CPU
		{65329D96-A495-4AAE-9614-C425B018CC18}.Release|Any CPU.Build.0 = Release|Any CPU
		{45A9E5DC-EA36-4B40-B21F-4CC5E02779FA}.Debug|Any CPU.ActiveCfg = Debug|Any CPU
		{45A9E5DC-EA36-4B40-B21F-4CC5E02779FA}.Debug|Any CPU.Build.0 = Debug|Any CPU
		{45A9E5DC-EA36-4B40-B21F-4CC5E02779FA}.Release|Any CPU.ActiveCfg = Release|Any CPU
		{45A9E5DC-EA36-4B40-B21F-4CC5E02779FA}.Release|Any CPU.Build.0 = Release|Any CPU
		{34B82BF0-CA25-4670-A742-C3D4B1A23D7D}.Debug|Any CPU.ActiveCfg = Debug|Any CPU
		{34B82BF0-CA25-4670-A742-C3D4B1A23D7D}.Debug|Any CPU.Build.0 = Debug|Any CPU
		{34B82BF0-CA25-4670-A742-C3D4B1A23D7D}.Release|Any CPU.ActiveCfg = Release|Any CPU
		{34B82BF0-CA25-4670-A742-C3D4B1A23D7D}.Release|Any CPU.Build.0 = Release|Any CPU
		{104BB466-8420-4599-8B97-F791EFC82163}.Debug|Any CPU.ActiveCfg = Debug|Any CPU
		{104BB466-8420-4599-8B97-F791EFC82163}.Debug|Any CPU.Build.0 = Debug|Any CPU
		{104BB466-8420-4599-8B97-F791EFC82163}.Release|Any CPU.ActiveCfg = Release|Any CPU
		{104BB466-8420-4599-8B97-F791EFC82163}.Release|Any CPU.Build.0 = Release|Any CPU
		{07F7B26B-C48D-4893-AB9D-5B2877BDD747}.Debug|Any CPU.ActiveCfg = Debug|Any CPU
		{07F7B26B-C48D-4893-AB9D-5B2877BDD747}.Debug|Any CPU.Build.0 = Debug|Any CPU
		{07F7B26B-C48D-4893-AB9D-5B2877BDD747}.Release|Any CPU.ActiveCfg = Release|Any CPU
		{07F7B26B-C48D-4893-AB9D-5B2877BDD747}.Release|Any CPU.Build.0 = Release|Any CPU
		{4A4EE402-00BA-4FC5-B7E1-3ED7A87D45CF}.Debug|Any CPU.ActiveCfg = Debug|Any CPU
		{4A4EE402-00BA-4FC5-B7E1-3ED7A87D45CF}.Debug|Any CPU.Build.0 = Debug|Any CPU
		{4A4EE402-00BA-4FC5-B7E1-3ED7A87D45CF}.Release|Any CPU.ActiveCfg = Release|Any CPU
		{4A4EE402-00BA-4FC5-B7E1-3ED7A87D45CF}.Release|Any CPU.Build.0 = Release|Any CPU
		{B49C59C8-DDB0-4D09-ADD6-A2B3CDED2F16}.Debug|Any CPU.ActiveCfg = Debug|Any CPU
		{B49C59C8-DDB0-4D09-ADD6-A2B3CDED2F16}.Debug|Any CPU.Build.0 = Debug|Any CPU
		{B49C59C8-DDB0-4D09-ADD6-A2B3CDED2F16}.Release|Any CPU.ActiveCfg = Release|Any CPU
		{B49C59C8-DDB0-4D09-ADD6-A2B3CDED2F16}.Release|Any CPU.Build.0 = Release|Any CPU
		{D7960677-CC60-4A03-AE00-10550178A6C4}.Debug|Any CPU.ActiveCfg = Debug|Any CPU
		{D7960677-CC60-4A03-AE00-10550178A6C4}.Debug|Any CPU.Build.0 = Debug|Any CPU
		{D7960677-CC60-4A03-AE00-10550178A6C4}.Release|Any CPU.ActiveCfg = Release|Any CPU
		{D7960677-CC60-4A03-AE00-10550178A6C4}.Release|Any CPU.Build.0 = Release|Any CPU
		{03E69DAA-553F-4364-AAC4-B3242979ADC4}.Debug|Any CPU.ActiveCfg = Debug|Any CPU
		{03E69DAA-553F-4364-AAC4-B3242979ADC4}.Debug|Any CPU.Build.0 = Debug|Any CPU
		{03E69DAA-553F-4364-AAC4-B3242979ADC4}.Release|Any CPU.ActiveCfg = Release|Any CPU
		{03E69DAA-553F-4364-AAC4-B3242979ADC4}.Release|Any CPU.Build.0 = Release|Any CPU
		{26CDE3BC-67D7-4A41-BD18-D32635A18B82}.Debug|Any CPU.ActiveCfg = Debug|Any CPU
		{26CDE3BC-67D7-4A41-BD18-D32635A18B82}.Debug|Any CPU.Build.0 = Debug|Any CPU
		{26CDE3BC-67D7-4A41-BD18-D32635A18B82}.Release|Any CPU.ActiveCfg = Release|Any CPU
		{26CDE3BC-67D7-4A41-BD18-D32635A18B82}.Release|Any CPU.Build.0 = Release|Any CPU
		{69EC4D4F-35BD-466F-AD4F-E288515329FE}.Debug|Any CPU.ActiveCfg = Debug|Any CPU
		{69EC4D4F-35BD-466F-AD4F-E288515329FE}.Debug|Any CPU.Build.0 = Debug|Any CPU
		{69EC4D4F-35BD-466F-AD4F-E288515329FE}.Release|Any CPU.ActiveCfg = Release|Any CPU
		{69EC4D4F-35BD-466F-AD4F-E288515329FE}.Release|Any CPU.Build.0 = Release|Any CPU
		{EEF71C0C-3626-443B-B35D-73C060ECD72A}.Debug|Any CPU.ActiveCfg = Debug|Any CPU
		{EEF71C0C-3626-443B-B35D-73C060ECD72A}.Debug|Any CPU.Build.0 = Debug|Any CPU
		{EEF71C0C-3626-443B-B35D-73C060ECD72A}.Release|Any CPU.ActiveCfg = Release|Any CPU
		{EEF71C0C-3626-443B-B35D-73C060ECD72A}.Release|Any CPU.Build.0 = Release|Any CPU
		{9552E780-F765-4C77-ACCA-7674F10E637D}.Debug|Any CPU.ActiveCfg = Debug|Any CPU
		{9552E780-F765-4C77-ACCA-7674F10E637D}.Debug|Any CPU.Build.0 = Debug|Any CPU
		{9552E780-F765-4C77-ACCA-7674F10E637D}.Release|Any CPU.ActiveCfg = Release|Any CPU
		{9552E780-F765-4C77-ACCA-7674F10E637D}.Release|Any CPU.Build.0 = Release|Any CPU
		{7E755F71-2BDE-49D3-9743-4FD87BDF8BC1}.Debug|Any CPU.ActiveCfg = Debug|Any CPU
		{7E755F71-2BDE-49D3-9743-4FD87BDF8BC1}.Debug|Any CPU.Build.0 = Debug|Any CPU
		{7E755F71-2BDE-49D3-9743-4FD87BDF8BC1}.Release|Any CPU.ActiveCfg = Release|Any CPU
		{7E755F71-2BDE-49D3-9743-4FD87BDF8BC1}.Release|Any CPU.Build.0 = Release|Any CPU
		{61F02DD6-FB1C-43C2-A5D8-210215F185BD}.Debug|Any CPU.ActiveCfg = Debug|Any CPU
		{61F02DD6-FB1C-43C2-A5D8-210215F185BD}.Debug|Any CPU.Build.0 = Debug|Any CPU
		{61F02DD6-FB1C-43C2-A5D8-210215F185BD}.Release|Any CPU.ActiveCfg = Release|Any CPU
		{61F02DD6-FB1C-43C2-A5D8-210215F185BD}.Release|Any CPU.Build.0 = Release|Any CPU
		{923FEA4A-15AD-44EA-B549-4D80D7C8CF34}.Debug|Any CPU.ActiveCfg = Debug|Any CPU
		{923FEA4A-15AD-44EA-B549-4D80D7C8CF34}.Debug|Any CPU.Build.0 = Debug|Any CPU
		{923FEA4A-15AD-44EA-B549-4D80D7C8CF34}.Release|Any CPU.ActiveCfg = Release|Any CPU
		{923FEA4A-15AD-44EA-B549-4D80D7C8CF34}.Release|Any CPU.Build.0 = Release|Any CPU
		{AB9B52EB-9701-4CBB-A08C-3D72B9DE5D32}.Debug|Any CPU.ActiveCfg = Debug|Any CPU
		{AB9B52EB-9701-4CBB-A08C-3D72B9DE5D32}.Debug|Any CPU.Build.0 = Debug|Any CPU
		{AB9B52EB-9701-4CBB-A08C-3D72B9DE5D32}.Release|Any CPU.ActiveCfg = Release|Any CPU
		{AB9B52EB-9701-4CBB-A08C-3D72B9DE5D32}.Release|Any CPU.Build.0 = Release|Any CPU
		{2D79ADC0-FF2F-47CE-B151-A364D96AB07C}.Debug|Any CPU.ActiveCfg = Debug|Any CPU
		{2D79ADC0-FF2F-47CE-B151-A364D96AB07C}.Debug|Any CPU.Build.0 = Debug|Any CPU
		{2D79ADC0-FF2F-47CE-B151-A364D96AB07C}.Release|Any CPU.ActiveCfg = Release|Any CPU
		{2D79ADC0-FF2F-47CE-B151-A364D96AB07C}.Release|Any CPU.Build.0 = Release|Any CPU
		{5FA1FDE4-5108-46C5-B3F5-B11C56EA5873}.Debug|Any CPU.ActiveCfg = Debug|Any CPU
		{5FA1FDE4-5108-46C5-B3F5-B11C56EA5873}.Debug|Any CPU.Build.0 = Debug|Any CPU
		{5FA1FDE4-5108-46C5-B3F5-B11C56EA5873}.Release|Any CPU.ActiveCfg = Release|Any CPU
		{5FA1FDE4-5108-46C5-B3F5-B11C56EA5873}.Release|Any CPU.Build.0 = Release|Any CPU
		{32CBEE98-3197-43DC-8155-4E8523A12836}.Debug|Any CPU.ActiveCfg = Debug|Any CPU
		{32CBEE98-3197-43DC-8155-4E8523A12836}.Debug|Any CPU.Build.0 = Debug|Any CPU
		{32CBEE98-3197-43DC-8155-4E8523A12836}.Release|Any CPU.ActiveCfg = Release|Any CPU
		{32CBEE98-3197-43DC-8155-4E8523A12836}.Release|Any CPU.Build.0 = Release|Any CPU
		{004B2D94-A375-4D82-90A6-E254A3BD0C98}.Debug|Any CPU.ActiveCfg = Debug|Any CPU
		{004B2D94-A375-4D82-90A6-E254A3BD0C98}.Debug|Any CPU.Build.0 = Debug|Any CPU
		{004B2D94-A375-4D82-90A6-E254A3BD0C98}.Release|Any CPU.ActiveCfg = Release|Any CPU
		{004B2D94-A375-4D82-90A6-E254A3BD0C98}.Release|Any CPU.Build.0 = Release|Any CPU
		{220BEF6E-9051-4ECC-8085-5FB9A39977FD}.Debug|Any CPU.ActiveCfg = Debug|Any CPU
		{220BEF6E-9051-4ECC-8085-5FB9A39977FD}.Debug|Any CPU.Build.0 = Debug|Any CPU
		{220BEF6E-9051-4ECC-8085-5FB9A39977FD}.Release|Any CPU.ActiveCfg = Release|Any CPU
		{220BEF6E-9051-4ECC-8085-5FB9A39977FD}.Release|Any CPU.Build.0 = Release|Any CPU
		{8E8239B8-4EAF-4084-BF88-CD34061604E0}.Debug|Any CPU.ActiveCfg = Debug|Any CPU
		{8E8239B8-4EAF-4084-BF88-CD34061604E0}.Debug|Any CPU.Build.0 = Debug|Any CPU
		{8E8239B8-4EAF-4084-BF88-CD34061604E0}.Release|Any CPU.ActiveCfg = Release|Any CPU
		{8E8239B8-4EAF-4084-BF88-CD34061604E0}.Release|Any CPU.Build.0 = Release|Any CPU
		{E35D3677-D303-4A54-AD9A-527F526C3ABC}.Debug|Any CPU.ActiveCfg = Debug|Any CPU
		{E35D3677-D303-4A54-AD9A-527F526C3ABC}.Debug|Any CPU.Build.0 = Debug|Any CPU
		{E35D3677-D303-4A54-AD9A-527F526C3ABC}.Release|Any CPU.ActiveCfg = Release|Any CPU
		{E35D3677-D303-4A54-AD9A-527F526C3ABC}.Release|Any CPU.Build.0 = Release|Any CPU
		{6E67404A-ACBC-41E1-B9C1-22287C761BA2}.Debug|Any CPU.ActiveCfg = Debug|Any CPU
		{6E67404A-ACBC-41E1-B9C1-22287C761BA2}.Debug|Any CPU.Build.0 = Debug|Any CPU
		{6E67404A-ACBC-41E1-B9C1-22287C761BA2}.Release|Any CPU.ActiveCfg = Release|Any CPU
		{6E67404A-ACBC-41E1-B9C1-22287C761BA2}.Release|Any CPU.Build.0 = Release|Any CPU
		{3DC053B8-717C-4E04-A39D-ADC87CD5F418}.Debug|Any CPU.ActiveCfg = Debug|Any CPU
		{3DC053B8-717C-4E04-A39D-ADC87CD5F418}.Debug|Any CPU.Build.0 = Debug|Any CPU
		{3DC053B8-717C-4E04-A39D-ADC87CD5F418}.Release|Any CPU.ActiveCfg = Release|Any CPU
		{3DC053B8-717C-4E04-A39D-ADC87CD5F418}.Release|Any CPU.Build.0 = Release|Any CPU
		{BA4B8269-F8FC-4BAB-92A6-D5DD0EA7066C}.Debug|Any CPU.ActiveCfg = Debug|Any CPU
		{BA4B8269-F8FC-4BAB-92A6-D5DD0EA7066C}.Debug|Any CPU.Build.0 = Debug|Any CPU
		{BA4B8269-F8FC-4BAB-92A6-D5DD0EA7066C}.Release|Any CPU.ActiveCfg = Release|Any CPU
		{BA4B8269-F8FC-4BAB-92A6-D5DD0EA7066C}.Release|Any CPU.Build.0 = Release|Any CPU
		{B806B592-E80A-4DBC-AAD5-4616CD588A4D}.Debug|Any CPU.ActiveCfg = Debug|Any CPU
		{B806B592-E80A-4DBC-AAD5-4616CD588A4D}.Debug|Any CPU.Build.0 = Debug|Any CPU
		{B806B592-E80A-4DBC-AAD5-4616CD588A4D}.Release|Any CPU.ActiveCfg = Release|Any CPU
		{B806B592-E80A-4DBC-AAD5-4616CD588A4D}.Release|Any CPU.Build.0 = Release|Any CPU
		{13B1985D-622F-4AAA-94CF-E91FDD386336}.Debug|Any CPU.ActiveCfg = Debug|Any CPU
		{13B1985D-622F-4AAA-94CF-E91FDD386336}.Debug|Any CPU.Build.0 = Debug|Any CPU
		{13B1985D-622F-4AAA-94CF-E91FDD386336}.Release|Any CPU.ActiveCfg = Release|Any CPU
		{13B1985D-622F-4AAA-94CF-E91FDD386336}.Release|Any CPU.Build.0 = Release|Any CPU
	EndGlobalSection
	GlobalSection(SolutionProperties) = preSolution
		HideSolutionNode = FALSE
	EndGlobalSection
	GlobalSection(NestedProjects) = preSolution
		{6256BBCE-F8B9-4B79-B22E-B8FA4C1D9D7D} = {2C8271BA-A7AD-4C56-AC61-0825ED4228B2}
		{1C751771-15C6-4EB7-8626-DBD3E48908FA} = {EF397EB0-65BF-44F8-9B8E-72939E94F601}
		{EF397EB0-65BF-44F8-9B8E-72939E94F601} = {549DA4AA-A236-44BC-A892-8420E1B82638}
		{960E6B5E-CEF2-463C-B2C7-B8CDCD54A729} = {549DA4AA-A236-44BC-A892-8420E1B82638}
		{7B78C3A3-21D4-424A-B003-7B0F147751B4} = {549DA4AA-A236-44BC-A892-8420E1B82638}
		{44A665EF-5FA5-4005-BBBF-5560C664EE07} = {549DA4AA-A236-44BC-A892-8420E1B82638}
		{870F9BBE-CDE2-407B-8F1A-05E11B4687B1} = {549DA4AA-A236-44BC-A892-8420E1B82638}
		{05800C91-4A29-4D22-8990-BC2BD2A760E7} = {549DA4AA-A236-44BC-A892-8420E1B82638}
		{E72ACFB7-0541-4E81-8B0F-687746493F59} = {549DA4AA-A236-44BC-A892-8420E1B82638}
		{AA262433-A0B8-406E-8D14-7ED3CF3AAFC4} = {549DA4AA-A236-44BC-A892-8420E1B82638}
		{1A63CEEA-E7F9-44E3-9254-D02B1932F051} = {549DA4AA-A236-44BC-A892-8420E1B82638}
		{2C8271BA-A7AD-4C56-AC61-0825ED4228B2} = {EF397EB0-65BF-44F8-9B8E-72939E94F601}
		{0C8E9E70-4660-4096-BCE1-02914CADBFF3} = {960E6B5E-CEF2-463C-B2C7-B8CDCD54A729}
		{07A4C9AE-107B-47A2-AA8A-BA6E4B4B1430} = {960E6B5E-CEF2-463C-B2C7-B8CDCD54A729}
		{23A75061-B30C-45AA-8692-A26143C66B6A} = {0C8E9E70-4660-4096-BCE1-02914CADBFF3}
		{4E5E115B-EF55-48BD-B53A-36DFF2D9497F} = {AA262433-A0B8-406E-8D14-7ED3CF3AAFC4}
		{E9D21F37-B2D3-48FF-A20D-48BD24568A1E} = {05800C91-4A29-4D22-8990-BC2BD2A760E7}
		{28136882-2AEA-4533-A53A-1B4803D43813} = {1A63CEEA-E7F9-44E3-9254-D02B1932F051}
		{5F076024-7F0E-4DF2-B42F-E56412B81EC2} = {870F9BBE-CDE2-407B-8F1A-05E11B4687B1}
		{65A6F840-6EF0-4FDC-BA07-FE8D74FD8E71} = {E72ACFB7-0541-4E81-8B0F-687746493F59}
		{55BD11D8-7AE2-41EE-8A3B-B7D481093BFA} = {44A665EF-5FA5-4005-BBBF-5560C664EE07}
		{440F02F3-F830-48C1-9B8C-C2B0725660B4} = {7B78C3A3-21D4-424A-B003-7B0F147751B4}
		{CB686478-1DF2-4BAF-AE91-48F2D6937D18} = {AA262433-A0B8-406E-8D14-7ED3CF3AAFC4}
		{65329D96-A495-4AAE-9614-C425B018CC18} = {4E5E115B-EF55-48BD-B53A-36DFF2D9497F}
		{45A9E5DC-EA36-4B40-B21F-4CC5E02779FA} = {05800C91-4A29-4D22-8990-BC2BD2A760E7}
		{34B82BF0-CA25-4670-A742-C3D4B1A23D7D} = {E9D21F37-B2D3-48FF-A20D-48BD24568A1E}
		{104BB466-8420-4599-8B97-F791EFC82163} = {1A63CEEA-E7F9-44E3-9254-D02B1932F051}
		{07F7B26B-C48D-4893-AB9D-5B2877BDD747} = {28136882-2AEA-4533-A53A-1B4803D43813}
		{4A4EE402-00BA-4FC5-B7E1-3ED7A87D45CF} = {870F9BBE-CDE2-407B-8F1A-05E11B4687B1}
		{B49C59C8-DDB0-4D09-ADD6-A2B3CDED2F16} = {5F076024-7F0E-4DF2-B42F-E56412B81EC2}
		{D7960677-CC60-4A03-AE00-10550178A6C4} = {E72ACFB7-0541-4E81-8B0F-687746493F59}
		{03E69DAA-553F-4364-AAC4-B3242979ADC4} = {65A6F840-6EF0-4FDC-BA07-FE8D74FD8E71}
		{26CDE3BC-67D7-4A41-BD18-D32635A18B82} = {44A665EF-5FA5-4005-BBBF-5560C664EE07}
		{69EC4D4F-35BD-466F-AD4F-E288515329FE} = {55BD11D8-7AE2-41EE-8A3B-B7D481093BFA}
		{EEF71C0C-3626-443B-B35D-73C060ECD72A} = {7B78C3A3-21D4-424A-B003-7B0F147751B4}
		{9552E780-F765-4C77-ACCA-7674F10E637D} = {440F02F3-F830-48C1-9B8C-C2B0725660B4}
		{5670A0AB-701B-493A-92BD-C3444C7F77A6} = {549DA4AA-A236-44BC-A892-8420E1B82638}
		{7E755F71-2BDE-49D3-9743-4FD87BDF8BC1} = {13B96D12-9BE4-44D6-BCD4-3BD570CF4EAD}
		{13B96D12-9BE4-44D6-BCD4-3BD570CF4EAD} = {5670A0AB-701B-493A-92BD-C3444C7F77A6}
		{61F02DD6-FB1C-43C2-A5D8-210215F185BD} = {5670A0AB-701B-493A-92BD-C3444C7F77A6}
		{923FEA4A-15AD-44EA-B549-4D80D7C8CF34} = {9F96A8FB-08EA-4B29-A879-DD063E789A0E}
		{AB9B52EB-9701-4CBB-A08C-3D72B9DE5D32} = {29B81581-B10F-4D60-9D71-AB83FDF1C0ED}
		{2D79ADC0-FF2F-47CE-B151-A364D96AB07C} = {F1C0F2CD-8B76-49E0-8DC2-7C66EA401B03}
		{29B81581-B10F-4D60-9D71-AB83FDF1C0ED} = {F1C0F2CD-8B76-49E0-8DC2-7C66EA401B03}
		{004B2D94-A375-4D82-90A6-E254A3BD0C98} = {62F931AF-DD4D-4CBD-A858-A0ABC32C5347}
		{243B055F-362F-4F4C-8EA2-A38E25ECDD77} = {62F931AF-DD4D-4CBD-A858-A0ABC32C5347}
		{220BEF6E-9051-4ECC-8085-5FB9A39977FD} = {243B055F-362F-4F4C-8EA2-A38E25ECDD77}
		{9FDC15C0-7120-4E61-8272-7FCA8F7B3378} = {549DA4AA-A236-44BC-A892-8420E1B82638}
		{8BF34820-C25D-41A4-9658-3810195482FF} = {9FDC15C0-7120-4E61-8272-7FCA8F7B3378}
		{E35D3677-D303-4A54-AD9A-527F526C3ABC} = {9FDC15C0-7120-4E61-8272-7FCA8F7B3378}
		{6E67404A-ACBC-41E1-B9C1-22287C761BA2} = {8BF34820-C25D-41A4-9658-3810195482FF}
		{02A5BFBA-3666-4739-8442-888DE971809F} = {549DA4AA-A236-44BC-A892-8420E1B82638}
		{1E4467F4-440C-4A02-990B-FAFC4B9179C7} = {02A5BFBA-3666-4739-8442-888DE971809F}
		{3DC053B8-717C-4E04-A39D-ADC87CD5F418} = {02A5BFBA-3666-4739-8442-888DE971809F}
		{BA4B8269-F8FC-4BAB-92A6-D5DD0EA7066C} = {1E4467F4-440C-4A02-990B-FAFC4B9179C7}
		{9B9C6C6E-E65B-4A84-B531-82A251E3FCB9} = {549DA4AA-A236-44BC-A892-8420E1B82638}
		{99C08F3B-AC5B-4D95-AF31-CC1DA61A64E0} = {9B9C6C6E-E65B-4A84-B531-82A251E3FCB9}
		{B806B592-E80A-4DBC-AAD5-4616CD588A4D} = {9B9C6C6E-E65B-4A84-B531-82A251E3FCB9}
		{13B1985D-622F-4AAA-94CF-E91FDD386336} = {99C08F3B-AC5B-4D95-AF31-CC1DA61A64E0}
	EndGlobalSection
EndGlobal
